
Microsoft Visual Studio Solution File, Format Version 11.00
# Visual Studio 2010
Project("{8BC9CEB8-8B4A-11D0-8D11-00A0C91BC942}") = "cppauparser", "cppauparser.vcxproj", "{9BF0D8D2-D651-4856-847D-A3321AF07D9C}"
EndProject
Project("{8BC9CEB8-8B4A-11D0-8D11-00A0C91BC942}") = "tutorial1", "tutorial1.vcxproj", "{EDF0F96D-D325-478C-8759-9B82B670C831}"
	ProjectSection(ProjectDependencies) = postProject
		{9BF0D8D2-D651-4856-847D-A3321AF07D9C} = {9BF0D8D2-D651-4856-847D-A3321AF07D9C}
	EndProjectSection
EndProject
Project("{8BC9CEB8-8B4A-11D0-8D11-00A0C91BC942}") = "tutorial2", "tutorial2.vcxproj", "{5E9DBC80-2C6C-4667-BF47-29F70E2D8C83}"
	ProjectSection(ProjectDependencies) = postProject
		{9BF0D8D2-D651-4856-847D-A3321AF07D9C} = {9BF0D8D2-D651-4856-847D-A3321AF07D9C}
	EndProjectSection
EndProject
Project("{8BC9CEB8-8B4A-11D0-8D11-00A0C91BC942}") = "tutorial3", "tutorial3.vcxproj", "{55856672-062F-4442-ADB7-93995520389A}"
	ProjectSection(ProjectDependencies) = postProject
		{9BF0D8D2-D651-4856-847D-A3321AF07D9C} = {9BF0D8D2-D651-4856-847D-A3321AF07D9C}
	EndProjectSection
EndProject
Project("{8BC9CEB8-8B4A-11D0-8D11-00A0C91BC942}") = "tutorial4", "tutorial4.vcxproj", "{B88EFEDD-7D85-45AA-A461-D1B7CCE5AF68}"
	ProjectSection(ProjectDependencies) = postProject
		{9BF0D8D2-D651-4856-847D-A3321AF07D9C} = {9BF0D8D2-D651-4856-847D-A3321AF07D9C}
	EndProjectSection
EndProject
Project("{8BC9CEB8-8B4A-11D0-8D11-00A0C91BC942}") = "tutorial5", "tutorial5.vcxproj", "{1D43136D-AAB7-41C9-AB9D-AE79AB36F57C}"
	ProjectSection(ProjectDependencies) = postProject
		{9BF0D8D2-D651-4856-847D-A3321AF07D9C} = {9BF0D8D2-D651-4856-847D-A3321AF07D9C}
	EndProjectSection
EndProject
Project("{8BC9CEB8-8B4A-11D0-8D11-00A0C91BC942}") = "sample-json", "sample-json.vcxproj", "{725B29D1-E3C0-4152-8E70-65092AAEA3A2}"
	ProjectSection(ProjectDependencies) = postProject
		{9BF0D8D2-D651-4856-847D-A3321AF07D9C} = {9BF0D8D2-D651-4856-847D-A3321AF07D9C}
	EndProjectSection
EndProject
Project("{8BC9CEB8-8B4A-11D0-8D11-00A0C91BC942}") = "sample-list", "sample-list.vcxproj", "{3724BAE6-32D1-4A90-BA0A-C0203964F452}"
	ProjectSection(ProjectDependencies) = postProject
		{9BF0D8D2-D651-4856-847D-A3321AF07D9C} = {9BF0D8D2-D651-4856-847D-A3321AF07D9C}
	EndProjectSection
EndProject
Project("{8BC9CEB8-8B4A-11D0-8D11-00A0C91BC942}") = "sample-benchmark", "sample-benchmark.vcxproj", "{36187593-9536-4FFB-93B0-DDBBA1E4A1F2}"
	ProjectSection(ProjectDependencies) = postProject
		{9BF0D8D2-D651-4856-847D-A3321AF07D9C} = {9BF0D8D2-D651-4856-847D-A3321AF07D9C}
	EndProjectSection
EndProject
Project("{8BC9CEB8-8B4A-11D0-8D11-00A0C91BC942}") = "auparser-tool", "auparser-tool.vcxproj", "{306F1D2B-AD1F-4356-8512-DD587FD55191}"
EndProject
Global
	GlobalSection(SolutionConfigurationPlatforms) = preSolution
		Debug|Win32 = Debug|Win32
		DebugDLL|Win32 = DebugDLL|Win32
		Release|Win32 = Release|Win32
		ReleaseDLL|Win32 = ReleaseDLL|Win32
	EndGlobalSection
	GlobalSection(ProjectConfigurationPlatforms) = postSolution
		{9BF0D8D2-D651-4856-847D-A3321AF07D9C}.Debug|Win32.ActiveCfg = Debug|Win32
		{9BF0D8D2-D651-4856-847D-A3321AF07D9C}.Debug|Win32.Build.0 = Debug|Win32
		{9BF0D8D2-D651-4856-847D-A3321AF07D9C}.DebugDLL|Win32.ActiveCfg = DebugDLL|Win32
		{9BF0D8D2-D651-4856-847D-A3321AF07D9C}.DebugDLL|Win32.Build.0 = DebugDLL|Win32
		{9BF0D8D2-D651-4856-847D-A3321AF07D9C}.Release|Win32.ActiveCfg = Release|Win32
		{9BF0D8D2-D651-4856-847D-A3321AF07D9C}.Release|Win32.Build.0 = Release|Win32
		{9BF0D8D2-D651-4856-847D-A3321AF07D9C}.ReleaseDLL|Win32.ActiveCfg = ReleaseDLL|Win32
		{9BF0D8D2-D651-4856-847D-A3321AF07D9C}.ReleaseDLL|Win32.Build.0 = ReleaseDLL|Win32
		{EDF0F96D-D325-478C-8759-9B82B670C831}.Debug|Win32.ActiveCfg = Debug|Win32
		{EDF0F96D-D325-478C-8759-9B82B670C831}.Debug|Win32.Build.0 = Debug|Win32
		{EDF0F96D-D325-478C-8759-9B82B670C831}.DebugDLL|Win32.ActiveCfg = DebugDLL|Win32
		{EDF0F96D-D325-478C-8759-9B82B670C831}.DebugDLL|Win32.Build.0 = DebugDLL|Win32
		{EDF0F96D-D325-478C-8759-9B82B670C831}.Release|Win32.ActiveCfg = Release|Win32
		{EDF0F96D-D325-478C-8759-9B82B670C831}.Release|Win32.Build.0 = Release|Win32
		{EDF0F96D-D325-478C-8759-9B82B670C831}.ReleaseDLL|Win32.ActiveCfg = ReleaseDLL|Win32
		{EDF0F96D-D325-478C-8759-9B82B670C831}.ReleaseDLL|Win32.Build.0 = ReleaseDLL|Win32
		{5E9DBC80-2C6C-4667-BF47-29F70E2D8C83}.Debug|Win32.ActiveCfg = Debug|Win32
		{5E9DBC80-2C6C-4667-BF47-29F70E2D8C83}.Debug|Win32.Build.0 = Debug|Win32
		{5E9DBC80-2C6C-4667-BF47-29F70E2D8C83}.DebugDLL|Win32.ActiveCfg = DebugDLL|Win32
		{5E9DBC80-2C6C-4667-BF47-29F70E2D8C83}.DebugDLL|Win32.Build.0 = DebugDLL|Win32
		{5E9DBC80-2C6C-4667-BF47-29F70E2D8C83}.Release|Win32.ActiveCfg = Release|Win32
		{5E9DBC80-2C6C-4667-BF47-29F70E2D8C83}.Release|Win32.Build.0 = Release|Win32
		{5E9DBC80-2C6C-4667-BF47-29F70E2D8C83}.ReleaseDLL|Win32.ActiveCfg = ReleaseDLL|Win32
		{5E9DBC80-2C6C-4667-BF47-29F70E2D8C83}.ReleaseDLL|Win32.Build.0 = ReleaseDLL|Win32
		{55856672-062F-4442-ADB7-93995520389A}.Debug|Win32.ActiveCfg = Debug|Win32
		{55856672-062F-4442-ADB7-93995520389A}.Debug|Win32.Build.0 = Debug|Win32
		{55856672-062F-4442-ADB7-93995520389A}.DebugDLL|Win32.ActiveCfg = DebugDLL|Win32
		{55856672-062F-4442-ADB7-93995520389A}.DebugDLL|Win32.Build.0 = DebugDLL|Win32
		{55856672-062F-4442-ADB7-93995520389A}.Release|Win32.ActiveCfg = Release|Win32
		{55856672-062F-4442-ADB7-93995520389A}.Release|Win32.Build.0 = Release|Win32
		{55856672-062F-4442-ADB7-93995520389A}.ReleaseDLL|Win32.ActiveCfg = ReleaseDLL|Win32
		{55856672-062F-4442-ADB7-93995520389A}.ReleaseDLL|Win32.Build.0 = ReleaseDLL|Win32
		{B88EFEDD-7D85-45AA-A461-D1B7CCE5AF68}.Debug|Win32.ActiveCfg = Debug|Win32
		{B88EFEDD-7D85-45AA-A461-D1B7CCE5AF68}.Debug|Win32.Build.0 = Debug|Win32
		{B88EFEDD-7D85-45AA-A461-D1B7CCE5AF68}.DebugDLL|Win32.ActiveCfg = DebugDLL|Win32
		{B88EFEDD-7D85-45AA-A461-D1B7CCE5AF68}.DebugDLL|Win32.Build.0 = DebugDLL|Win32
		{B88EFEDD-7D85-45AA-A461-D1B7CCE5AF68}.Release|Win32.ActiveCfg = Release|Win32
		{B88EFEDD-7D85-45AA-A461-D1B7CCE5AF68}.Release|Win32.Build.0 = Release|Win32
		{B88EFEDD-7D85-45AA-A461-D1B7CCE5AF68}.ReleaseDLL|Win32.ActiveCfg = ReleaseDLL|Win32
		{B88EFEDD-7D85-45AA-A461-D1B7CCE5AF68}.ReleaseDLL|Win32.Build.0 = ReleaseDLL|Win32
		{1D43136D-AAB7-41C9-AB9D-AE79AB36F57C}.Debug|Win32.ActiveCfg = Debug|Win32
		{1D43136D-AAB7-41C9-AB9D-AE79AB36F57C}.Debug|Win32.Build.0 = Debug|Win32
		{1D43136D-AAB7-41C9-AB9D-AE79AB36F57C}.DebugDLL|Win32.ActiveCfg = DebugDLL|Win32
		{1D43136D-AAB7-41C9-AB9D-AE79AB36F57C}.DebugDLL|Win32.Build.0 = DebugDLL|Win32
		{1D43136D-AAB7-41C9-AB9D-AE79AB36F57C}.Release|Win32.ActiveCfg = Release|Win32
		{1D43136D-AAB7-41C9-AB9D-AE79AB36F57C}.Release|Win32.Build.0 = Release|Win32
		{1D43136D-AAB7-41C9-AB9D-AE79AB36F57C}.ReleaseDLL|Win32.ActiveCfg = ReleaseDLL|Win32
		{1D43136D-AAB7-41C9-AB9D-AE79AB36F57C}.ReleaseDLL|Win32.Build.0 = ReleaseDLL|Win32
		{725B29D1-E3C0-4152-8E70-65092AAEA3A2}.Debug|Win32.ActiveCfg = Debug|Win32
		{725B29D1-E3C0-4152-8E70-65092AAEA3A2}.Debug|Win32.Build.0 = Debug|Win32
		{725B29D1-E3C0-4152-8E70-65092AAEA3A2}.DebugDLL|Win32.ActiveCfg = DebugDLL|Win32
		{725B29D1-E3C0-4152-8E70-65092AAEA3A2}.DebugDLL|Win32.Build.0 = DebugDLL|Win32
		{725B29D1-E3C0-4152-8E70-65092AAEA3A2}.Release|Win32.ActiveCfg = Release|Win32
		{725B29D1-E3C0-4152-8E70-65092AAEA3A2}.Release|Win32.Build.0 = Release|Win32
		{725B29D1-E3C0-4152-8E70-65092AAEA3A2}.ReleaseDLL|Win32.ActiveCfg = ReleaseDLL|Win32
		{725B29D1-E3C0-4152-8E70-65092AAEA3A2}.ReleaseDLL|Win32.Build.0 = ReleaseDLL|Win32
		{3724BAE6-32D1-4A90-BA0A-C0203964F452}.Debug|Win32.ActiveCfg = Debug|Win32
		{3724BAE6-32D1-4A90-BA0A-C0203964F452}.Debug|Win32.Build.0 = Debug|Win32
		{3724BAE6-32D1-4A90-BA0A-C0203964F452}.DebugDLL|Win32.ActiveCfg = DebugDLL|Win32
		{3724BAE6-32D1-4A90-BA0A-C0203964F452}.DebugDLL|Win32.Build.0 = DebugDLL|Win32
		{3724BAE6-32D1-4A90-BA0A-C0203964F452}.Release|Win32.ActiveCfg = Release|Win32
		{3724BAE6-32D1-4A90-BA0A-C0203964F452}.Release|Win32.Build.0 = Release|Win32
		{3724BAE6-32D1-4A90-BA0A-C0203964F452}.ReleaseDLL|Win32.ActiveCfg = ReleaseDLL|Win32
		{3724BAE6-32D1-4A90-BA0A-C0203964F452}.ReleaseDLL|Win32.Build.0 = ReleaseDLL|Win32
		{36187593-9536-4FFB-93B0-DDBBA1E4A1F2}.Debug|Win32.ActiveCfg = Debug|Win32
		{36187593-9536-4FFB-93B0-DDBBA1E4A1F2}.Debug|Win32.Build.0 = Debug|Win32
		{36187593-9536-4FFB-93B0-DDBBA1E4A1F2}.DebugDLL|Win32.ActiveCfg = DebugDLL|Win32
		{36187593-9536-4FFB-93B0-DDBBA1E4A1F2}.DebugDLL|Win32.Build.0 = DebugDLL|Win32
		{36187593-9536-4FFB-93B0-DDBBA1E4A1F2}.Release|Win32.ActiveCfg = Release|Win32
		{36187593-9536-4FFB-93B0-DDBBA1E4A1F2}.Release|Win32.Build.0 = Release|Win32
		{36187593-9536-4FFB-93B0-DDBBA1E4A1F2}.ReleaseDLL|Win32.ActiveCfg = ReleaseDLL|Win32
		{36187593-9536-4FFB-93B0-DDBBA1E4A1F2}.ReleaseDLL|Win32.Build.0 = ReleaseDLL|Win32
		{306F1D2B-AD1F-4356-8512-DD587FD55191}.Debug|Win32.ActiveCfg = Debug|Win32
		{306F1D2B-AD1F-4356-8512-DD587FD55191}.Debug|Win32.Build.0 = Debug|Win32
		{306F1D2B-AD1F-4356-8512-DD587FD55191}.DebugDLL|Win32.ActiveCfg = DebugDLL|Win32
		{306F1D2B-AD1F-4356-8512-DD587FD55191}.DebugDLL|Win32.Build.0 = DebugDLL|Win32
		{306F1D2B-AD1F-4356-8512-DD587FD55191}.Release|Win32.ActiveCfg = Release|Win32
		{306F1D2B-AD1F-4356-8512-DD587FD55191}.Release|Win32.Build.0 = Release|Win32
		{306F1D2B-AD1F-4356-8512-DD587FD55191}.ReleaseDLL|Win32.ActiveCfg = ReleaseDLL|Win32
		{306F1D2B-AD1F-4356-8512-DD587FD55191}.ReleaseDLL|Win32.Build.0 = ReleaseDLL|Win32
	EndGlobalSection
	GlobalSection(SolutionProperties) = preSolution
		HideSolutionNode = FALSE
	EndGlobalSection
EndGlobal
